{
  "requires": true,
  "lockfileVersion": 1,
  "dependencies": {
    "jquery.js": {
      "version": "0.0.2-security",
      "resolved": "http://registry.npm.taobao.org/jquery.js/download/jquery.js-0.0.2-security.tgz",
      "integrity": "sha1-TsxrZSppEM+eY4zi+pDGVQF7fKQ=",
      "dev": true
    }
  }
}
